
Microsoft Visual Studio Solution File, Format Version 12.00
# Visual Studio Version 17
VisualStudioVersion = 17.5.002.0
MinimumVisualStudioVersion = 10.0.40219.1
Project("{9A19103F-16F7-4668-BE54-9A1E7A4F7556}") = "laba4", "laba4\laba4.csproj", "{75716323-5187-4D8F-8956-2AE64D84826B}"
EndProject
Project("{FAE04EC0-301F-11D3-BF4B-00C04F79EFBC}") = "lab$_2", "lab$_2\lab$_2.csproj", "{632FEE0B-DD02-4802-A05F-E411BE5D6A6E}"
EndProject
Global
	GlobalSection(SolutionConfigurationPlatforms) = preSolution
		Debug|Any CPU = Debug|Any CPU
		Release|Any CPU = Release|Any CPU
	EndGlobalSection
	GlobalSection(ProjectConfigurationPlatforms) = postSolution
		{75716323-5187-4D8F-8956-2AE64D84826B}.Debug|Any CPU.ActiveCfg = Debug|Any CPU
		{75716323-5187-4D8F-8956-2AE64D84826B}.Debug|Any CPU.Build.0 = Debug|Any CPU
		{75716323-5187-4D8F-8956-2AE64D84826B}.Release|Any CPU.ActiveCfg = Release|Any CPU
		{75716323-5187-4D8F-8956-2AE64D84826B}.Release|Any CPU.Build.0 = Release|Any CPU
		{632FEE0B-DD02-4802-A05F-E411BE5D6A6E}.Debug|Any CPU.ActiveCfg = Debug|Any CPU
		{632FEE0B-DD02-4802-A05F-E411BE5D6A6E}.Debug|Any CPU.Build.0 = Debug|Any CPU
		{632FEE0B-DD02-4802-A05F-E411BE5D6A6E}.Release|Any CPU.ActiveCfg = Release|Any CPU
		{632FEE0B-DD02-4802-A05F-E411BE5D6A6E}.Release|Any CPU.Build.0 = Release|Any CPU
	EndGlobalSection
	GlobalSection(SolutionProperties) = preSolution
		HideSolutionNode = FALSE
	EndGlobalSection
	GlobalSection(ExtensibilityGlobals) = postSolution
		SolutionGuid = {441B9869-A8D4-44A7-BFC2-E9242614EA3E}
	EndGlobalSection
EndGlobal
